
Microsoft Visual Studio Solution File, Format Version 12.00
# Visual Studio Version 16
VisualStudioVersion = 16.0.31402.337
MinimumVisualStudioVersion = 10.0.40219.1
Project("{9A19103F-16F7-4668-BE54-9A1E7A4F7556}") = "EventHubsReceiver", "EventHubsReceiver\EventHubsReceiver.csproj", "{8B027201-7187-4B28-9BB8-2F56E75BEF0B}"
EndProject
Project("{9A19103F-16F7-4668-BE54-9A1E7A4F7556}") = "MintIIVisionServiceDemoApp", "MintIIVisionServiceDemoApp\MintIIVisionServiceDemoApp.csproj", "{06CD5DB5-3E86-4A81-96F4-13F296D91A06}"
EndProject
Global
	GlobalSection(SolutionConfigurationPlatforms) = preSolution
		Debug|Any CPU = Debug|Any CPU
		Release|Any CPU = Release|Any CPU
	EndGlobalSection
	GlobalSection(ProjectConfigurationPlatforms) = postSolution
		{8B027201-7187-4B28-9BB8-2F56E75BEF0B}.Debug|Any CPU.ActiveCfg = Debug|Any CPU
		{8B027201-7187-4B28-9BB8-2F56E75BEF0B}.Debug|Any CPU.Build.0 = Debug|Any CPU
		{8B027201-7187-4B28-9BB8-2F56E75BEF0B}.Release|Any CPU.ActiveCfg = Release|Any CPU
		{8B027201-7187-4B28-9BB8-2F56E75BEF0B}.Release|Any CPU.Build.0 = Release|Any CPU
		{06CD5DB5-3E86-4A81-96F4-13F296D91A06}.Debug|Any CPU.ActiveCfg = Debug|Any CPU
		{06CD5DB5-3E86-4A81-96F4-13F296D91A06}.Debug|Any CPU.Build.0 = Debug|Any CPU
		{06CD5DB5-3E86-4A81-96F4-13F296D91A06}.Release|Any CPU.ActiveCfg = Release|Any CPU
		{06CD5DB5-3E86-4A81-96F4-13F296D91A06}.Release|Any CPU.Build.0 = Release|Any CPU
	EndGlobalSection
	GlobalSection(SolutionProperties) = preSolution
		HideSolutionNode = FALSE
	EndGlobalSection
	GlobalSection(ExtensibilityGlobals) = postSolution
		SolutionGuid = {818505E8-F644-4A89-A5EC-A0D769DD65C2}
	EndGlobalSection
EndGlobal
